
Microsoft Visual Studio Solution File, Format Version 12.00
# Visual Studio Version 17
VisualStudioVersion = 17.12.35527.113
MinimumVisualStudioVersion = 10.0.40219.1
Project("{888888A0-9F3D-457C-B088-3A5042F75D52}") = "FlaskWebProject1", "FlaskWebProject1\FlaskWebProject1.pyproj", "{C0CA333B-414D-4692-A1AB-AC388CE9A992}"
EndProject
Global
	GlobalSection(SolutionConfigurationPlatforms) = preSolution
		Debug|Any CPU = Debug|Any CPU
		Release|Any CPU = Release|Any CPU
	EndGlobalSection
	GlobalSection(ProjectConfigurationPlatforms) = postSolution
		{C0CA333B-414D-4692-A1AB-AC388CE9A992}.Debug|Any CPU.ActiveCfg = Debug|Any CPU
		{C0CA333B-414D-4692-A1AB-AC388CE9A992}.Debug|Any CPU.Build.0 = Debug|Any CPU
		{C0CA333B-414D-4692-A1AB-AC388CE9A992}.Release|Any CPU.ActiveCfg = Release|Any CPU
		{C0CA333B-414D-4692-A1AB-AC388CE9A992}.Release|Any CPU.Build.0 = Release|Any CPU
	EndGlobalSection
	GlobalSection(SolutionProperties) = preSolution
		HideSolutionNode = FALSE
	EndGlobalSection
EndGlobal
